
Microsoft Visual Studio Solution File, Format Version 12.00
# Visual Studio Version 17
VisualStudioVersion = 17.11.35219.272
MinimumVisualStudioVersion = 10.0.40219.1
Project("{FAE04EC0-301F-11D3-BF4B-00C04F79EFBC}") = "Threading Aufgabe 1", "Threading Aufgabe 1.csproj", "{3047AD7C-C742-4DC4-B460-C485845A8AC6}"
EndProject
Global
	GlobalSection(SolutionConfigurationPlatforms) = preSolution
		Debug|Any CPU = Debug|Any CPU
		Release|Any CPU = Release|Any CPU
	EndGlobalSection
	GlobalSection(ProjectConfigurationPlatforms) = postSolution
		{3047AD7C-C742-4DC4-B460-C485845A8AC6}.Debug|Any CPU.ActiveCfg = Debug|Any CPU
		{3047AD7C-C742-4DC4-B460-C485845A8AC6}.Debug|Any CPU.Build.0 = Debug|Any CPU
		{3047AD7C-C742-4DC4-B460-C485845A8AC6}.Release|Any CPU.ActiveCfg = Release|Any CPU
		{3047AD7C-C742-4DC4-B460-C485845A8AC6}.Release|Any CPU.Build.0 = Release|Any CPU
	EndGlobalSection
	GlobalSection(SolutionProperties) = preSolution
		HideSolutionNode = FALSE
	EndGlobalSection
	GlobalSection(ExtensibilityGlobals) = postSolution
		SolutionGuid = {C2A815A6-AF13-46BB-BC44-95E3DD542A18}
	EndGlobalSection
EndGlobal
